{
  "version": 4,
  "terraform_version": "1.5.5",
  "serial": 5,
  "lineage": "1183dfe7-6437-d20c-73a9-a07fd96e9c37",
  "outputs": {},
  "resources": [
    {
      "mode": "managed",
      "type": "databricks_job",
      "name": "citibike_etl_pipeline_nb",
      "provider": "provider[\"registry.terraform.io/databricks/databricks\"]",
      "instances": [
        {
          "schema_version": 2,
          "attributes": {
            "always_running": false,
            "budget_policy_id": null,
            "continuous": [],
            "control_run_state": false,
            "dbt_task": [],
            "deployment": [
              {
                "kind": "BUNDLE",
                "metadata_file_path": "/Workspace/Shared/.bundle/dab_project_plan/prod/state/metadata.json"
              }
            ],
            "description": null,
            "edit_mode": "UI_LOCKED",
            "email_notifications": [
              {
                "no_alert_for_skipped_runs": false,
                "on_duration_warning_threshold_exceeded": [],
                "on_failure": [],
                "on_start": [],
                "on_streaming_backlog_exceeded": [],
                "on_success": []
              }
            ],
            "environment": [],
            "existing_cluster_id": null,
            "format": "MULTI_TASK",
            "git_source": [],
            "health": [],
            "id": "226387576664182",
            "job_cluster": [
              {
                "job_cluster_key": "ds3_v2_sn",
                "new_cluster": [
                  {
                    "apply_policy_default_values": false,
                    "autoscale": [],
                    "aws_attributes": [],
                    "azure_attributes": [
                      {
                        "availability": "SPOT_WITH_FALLBACK_AZURE",
                        "first_on_demand": 1,
                        "log_analytics_info": [],
                        "spot_bid_max_price": -1
                      }
                    ],
                    "cluster_id": "",
                    "cluster_log_conf": [],
                    "cluster_mount_info": [],
                    "cluster_name": "",
                    "custom_tags": {
                      "ResourceClass": "SingleNode"
                    },
                    "data_security_mode": "SINGLE_USER",
                    "docker_image": [],
                    "driver_instance_pool_id": "",
                    "driver_node_type_id": "Standard_DS3_v2",
                    "enable_elastic_disk": true,
                    "enable_local_disk_encryption": false,
                    "gcp_attributes": [],
                    "idempotency_token": "",
                    "init_scripts": [],
                    "instance_pool_id": "",
                    "is_single_node": false,
                    "kind": "",
                    "library": [],
                    "node_type_id": "Standard_DS3_v2",
                    "num_workers": 0,
                    "policy_id": "",
                    "runtime_engine": "STANDARD",
                    "single_user_name": "",
                    "spark_conf": {
                      "spark.databricks.cluster.profile": "singleNode",
                      "spark.master": "local[*, 4]"
                    },
                    "spark_env_vars": {
                      "PYSPARK_PYTHON": "/databricks/python3/bin/python3"
                    },
                    "spark_version": "15.4.x-scala2.12",
                    "ssh_public_keys": [],
                    "use_ml_runtime": false,
                    "workload_type": []
                  }
                ]
              }
            ],
            "library": [],
            "max_concurrent_runs": 1,
            "max_retries": 0,
            "min_retry_interval_millis": 0,
            "name": "citibike_etl_pipeline_nb",
            "new_cluster": [],
            "notebook_task": [],
            "notification_settings": [],
            "parameter": [],
            "pipeline_task": [],
            "python_wheel_task": [],
            "queue": [
              {
                "enabled": true
              }
            ],
            "retry_on_timeout": false,
            "run_as": [
              {
                "service_principal_name": "85e61755-67e1-4fef-a38a-bbb24410aaa8",
                "user_name": ""
              }
            ],
            "run_job_task": [],
            "schedule": [],
            "spark_jar_task": [],
            "spark_python_task": [],
            "spark_submit_task": [],
            "tags": null,
            "task": [
              {
                "clean_rooms_notebook_task": [],
                "condition_task": [],
                "dbt_task": [],
                "depends_on": [],
                "description": "",
                "disable_auto_optimization": false,
                "email_notifications": [
                  {
                    "no_alert_for_skipped_runs": false,
                    "on_duration_warning_threshold_exceeded": [],
                    "on_failure": [],
                    "on_start": [],
                    "on_streaming_backlog_exceeded": [],
                    "on_success": []
                  }
                ],
                "environment_key": "",
                "existing_cluster_id": "",
                "for_each_task": [],
                "health": [],
                "job_cluster_key": "ds3_v2_sn",
                "library": [
                  {
                    "cran": [],
                    "egg": "",
                    "jar": "",
                    "maven": [],
                    "pypi": [],
                    "requirements": "",
                    "whl": "/Workspace/Shared/.bundle/dab_project_plan/prod/artifacts/.internal/dab_project_plan-0.0.1-py3-none-any.whl"
                  }
                ],
                "max_retries": 0,
                "min_retry_interval_millis": 0,
                "new_cluster": [],
                "notebook_task": [],
                "notification_settings": [],
                "pipeline_task": [],
                "python_wheel_task": [
                  {
                    "entry_point": "main",
                    "named_parameters": {},
                    "package_name": "dab_project_plan",
                    "parameters": []
                  }
                ],
                "retry_on_timeout": false,
                "run_if": "ALL_SUCCESS",
                "run_job_task": [],
                "spark_jar_task": [],
                "spark_python_task": [],
                "spark_submit_task": [],
                "sql_task": [],
                "task_key": "00_whl_upload",
                "timeout_seconds": 0,
                "webhook_notifications": []
              },
              {
                "clean_rooms_notebook_task": [],
                "condition_task": [],
                "dbt_task": [],
                "depends_on": [
                  {
                    "outcome": "",
                    "task_key": "00_whl_upload"
                  }
                ],
                "description": "",
                "disable_auto_optimization": false,
                "email_notifications": [
                  {
                    "no_alert_for_skipped_runs": false,
                    "on_duration_warning_threshold_exceeded": [],
                    "on_failure": [],
                    "on_start": [],
                    "on_streaming_backlog_exceeded": [],
                    "on_success": []
                  }
                ],
                "environment_key": "",
                "existing_cluster_id": "",
                "for_each_task": [],
                "health": [],
                "job_cluster_key": "ds3_v2_sn",
                "library": [],
                "max_retries": 0,
                "min_retry_interval_millis": 0,
                "new_cluster": [],
                "notebook_task": [
                  {
                    "base_parameters": {
                      "catalog": "citibike_dev",
                      "pipeline_id": "{{job.id}}",
                      "processed_timestamp": "{{job.start_time.iso_datetime}}",
                      "run_id": "{{job.run_id}}",
                      "task_id": "{{task.run_id}}"
                    },
                    "notebook_path": "/Workspace/Shared/.bundle/dab_project_plan/prod/files/citibike_etl/notebooks/01_bronze/01_bronze_citibike",
                    "source": "WORKSPACE",
                    "warehouse_id": ""
                  }
                ],
                "notification_settings": [],
                "pipeline_task": [],
                "python_wheel_task": [],
                "retry_on_timeout": false,
                "run_if": "ALL_SUCCESS",
                "run_job_task": [],
                "spark_jar_task": [],
                "spark_python_task": [],
                "spark_submit_task": [],
                "sql_task": [],
                "task_key": "01_bronze_citibike",
                "timeout_seconds": 0,
                "webhook_notifications": []
              },
              {
                "clean_rooms_notebook_task": [],
                "condition_task": [],
                "dbt_task": [],
                "depends_on": [
                  {
                    "outcome": "",
                    "task_key": "01_bronze_citibike"
                  }
                ],
                "description": "",
                "disable_auto_optimization": false,
                "email_notifications": [
                  {
                    "no_alert_for_skipped_runs": false,
                    "on_duration_warning_threshold_exceeded": [],
                    "on_failure": [],
                    "on_start": [],
                    "on_streaming_backlog_exceeded": [],
                    "on_success": []
                  }
                ],
                "environment_key": "",
                "existing_cluster_id": "",
                "for_each_task": [],
                "health": [],
                "job_cluster_key": "ds3_v2_sn",
                "library": [],
                "max_retries": 0,
                "min_retry_interval_millis": 0,
                "new_cluster": [],
                "notebook_task": [
                  {
                    "base_parameters": {
                      "catalog": "citibike_dev",
                      "pipeline_id": "{{job.id}}",
                      "processed_timestamp": "{{job.start_time.iso_datetime}}",
                      "run_id": "{{job.run_id}}",
                      "task_id": "{{task.run_id}}"
                    },
                    "notebook_path": "/Workspace/Shared/.bundle/dab_project_plan/prod/files/citibike_etl/notebooks/02_silver/02_silver_citibike",
                    "source": "WORKSPACE",
                    "warehouse_id": ""
                  }
                ],
                "notification_settings": [],
                "pipeline_task": [],
                "python_wheel_task": [],
                "retry_on_timeout": false,
                "run_if": "ALL_SUCCESS",
                "run_job_task": [],
                "spark_jar_task": [],
                "spark_python_task": [],
                "spark_submit_task": [],
                "sql_task": [],
                "task_key": "02_silver_citibike",
                "timeout_seconds": 0,
                "webhook_notifications": []
              },
              {
                "clean_rooms_notebook_task": [],
                "condition_task": [],
                "dbt_task": [],
                "depends_on": [
                  {
                    "outcome": "",
                    "task_key": "02_silver_citibike"
                  }
                ],
                "description": "",
                "disable_auto_optimization": false,
                "email_notifications": [
                  {
                    "no_alert_for_skipped_runs": false,
                    "on_duration_warning_threshold_exceeded": [],
                    "on_failure": [],
                    "on_start": [],
                    "on_streaming_backlog_exceeded": [],
                    "on_success": []
                  }
                ],
                "environment_key": "",
                "existing_cluster_id": "",
                "for_each_task": [],
                "health": [],
                "job_cluster_key": "ds3_v2_sn",
                "library": [],
                "max_retries": 0,
                "min_retry_interval_millis": 0,
                "new_cluster": [],
                "notebook_task": [
                  {
                    "base_parameters": {
                      "catalog": "citibike_dev"
                    },
                    "notebook_path": "/Workspace/Shared/.bundle/dab_project_plan/prod/files/citibike_etl/notebooks/03_gold/03_gold_citibike_daily_ride_summary",
                    "source": "WORKSPACE",
                    "warehouse_id": ""
                  }
                ],
                "notification_settings": [],
                "pipeline_task": [],
                "python_wheel_task": [],
                "retry_on_timeout": false,
                "run_if": "ALL_SUCCESS",
                "run_job_task": [],
                "spark_jar_task": [],
                "spark_python_task": [],
                "spark_submit_task": [],
                "sql_task": [],
                "task_key": "03_gold_citibike_daily_ride_summary",
                "timeout_seconds": 0,
                "webhook_notifications": []
              },
              {
                "clean_rooms_notebook_task": [],
                "condition_task": [],
                "dbt_task": [],
                "depends_on": [
                  {
                    "outcome": "",
                    "task_key": "02_silver_citibike"
                  }
                ],
                "description": "",
                "disable_auto_optimization": false,
                "email_notifications": [
                  {
                    "no_alert_for_skipped_runs": false,
                    "on_duration_warning_threshold_exceeded": [],
                    "on_failure": [],
                    "on_start": [],
                    "on_streaming_backlog_exceeded": [],
                    "on_success": []
                  }
                ],
                "environment_key": "",
                "existing_cluster_id": "",
                "for_each_task": [],
                "health": [],
                "job_cluster_key": "ds3_v2_sn",
                "library": [],
                "max_retries": 0,
                "min_retry_interval_millis": 0,
                "new_cluster": [],
                "notebook_task": [
                  {
                    "base_parameters": {
                      "catalog": "citibike_dev"
                    },
                    "notebook_path": "/Workspace/Shared/.bundle/dab_project_plan/prod/files/citibike_etl/notebooks/03_gold/03_gold_citibike_daily_station_performance",
                    "source": "WORKSPACE",
                    "warehouse_id": ""
                  }
                ],
                "notification_settings": [],
                "pipeline_task": [],
                "python_wheel_task": [],
                "retry_on_timeout": false,
                "run_if": "ALL_SUCCESS",
                "run_job_task": [],
                "spark_jar_task": [],
                "spark_python_task": [],
                "spark_submit_task": [],
                "sql_task": [],
                "task_key": "03_gold_citibike_daily_station_performance",
                "timeout_seconds": 0,
                "webhook_notifications": []
              }
            ],
            "timeout_seconds": 0,
            "timeouts": null,
            "trigger": [],
            "url": "https://adb-3205945681233138.18.azuredatabricks.net/#job/226387576664182",
            "webhook_notifications": [
              {
                "on_duration_warning_threshold_exceeded": [],
                "on_failure": [],
                "on_start": [],
                "on_streaming_backlog_exceeded": [],
                "on_success": []
              }
            ]
          },
          "sensitive_attributes": [],
          "private": "eyJlMmJmYjczMC1lY2FhLTExZTYtOGY4OC0zNDM2M2JjN2M0YzAiOnsiY3JlYXRlIjoxODAwMDAwMDAwMDAwLCJ1cGRhdGUiOjE4MDAwMDAwMDAwMDB9LCJzY2hlbWFfdmVyc2lvbiI6IjIifQ=="
        }
      ]
    },
    {
      "mode": "managed",
      "type": "databricks_job",
      "name": "citibike_etl_pipeline_py",
      "provider": "provider[\"registry.terraform.io/databricks/databricks\"]",
      "instances": [
        {
          "schema_version": 2,
          "attributes": {
            "always_running": false,
            "budget_policy_id": null,
            "continuous": [],
            "control_run_state": false,
            "dbt_task": [],
            "deployment": [
              {
                "kind": "BUNDLE",
                "metadata_file_path": "/Workspace/Shared/.bundle/dab_project_plan/prod/state/metadata.json"
              }
            ],
            "description": null,
            "edit_mode": "UI_LOCKED",
            "email_notifications": [
              {
                "no_alert_for_skipped_runs": false,
                "on_duration_warning_threshold_exceeded": [],
                "on_failure": [],
                "on_start": [],
                "on_streaming_backlog_exceeded": [],
                "on_success": []
              }
            ],
            "environment": [],
            "existing_cluster_id": null,
            "format": "MULTI_TASK",
            "git_source": [],
            "health": [],
            "id": "461980561805501",
            "job_cluster": [
              {
                "job_cluster_key": "ds3_v2_sn",
                "new_cluster": [
                  {
                    "apply_policy_default_values": false,
                    "autoscale": [],
                    "aws_attributes": [],
                    "azure_attributes": [
                      {
                        "availability": "SPOT_WITH_FALLBACK_AZURE",
                        "first_on_demand": 1,
                        "log_analytics_info": [],
                        "spot_bid_max_price": -1
                      }
                    ],
                    "cluster_id": "",
                    "cluster_log_conf": [],
                    "cluster_mount_info": [],
                    "cluster_name": "",
                    "custom_tags": {
                      "ResourceClass": "SingleNode"
                    },
                    "data_security_mode": "SINGLE_USER",
                    "docker_image": [],
                    "driver_instance_pool_id": "",
                    "driver_node_type_id": "Standard_DS3_v2",
                    "enable_elastic_disk": true,
                    "enable_local_disk_encryption": false,
                    "gcp_attributes": [],
                    "idempotency_token": "",
                    "init_scripts": [],
                    "instance_pool_id": "",
                    "is_single_node": false,
                    "kind": "",
                    "library": [],
                    "node_type_id": "Standard_DS3_v2",
                    "num_workers": 0,
                    "policy_id": "",
                    "runtime_engine": "STANDARD",
                    "single_user_name": "",
                    "spark_conf": {
                      "spark.databricks.cluster.profile": "singleNode",
                      "spark.master": "local[*, 4]"
                    },
                    "spark_env_vars": {
                      "PYSPARK_PYTHON": "/databricks/python3/bin/python3"
                    },
                    "spark_version": "15.4.x-scala2.12",
                    "ssh_public_keys": [],
                    "use_ml_runtime": false,
                    "workload_type": []
                  }
                ]
              }
            ],
            "library": [],
            "max_concurrent_runs": 1,
            "max_retries": 0,
            "min_retry_interval_millis": 0,
            "name": "citibike_etl_pipeline_py",
            "new_cluster": [],
            "notebook_task": [],
            "notification_settings": [],
            "parameter": [],
            "pipeline_task": [],
            "python_wheel_task": [],
            "queue": [
              {
                "enabled": true
              }
            ],
            "retry_on_timeout": false,
            "run_as": [
              {
                "service_principal_name": "85e61755-67e1-4fef-a38a-bbb24410aaa8",
                "user_name": ""
              }
            ],
            "run_job_task": [],
            "schedule": [],
            "spark_jar_task": [],
            "spark_python_task": [],
            "spark_submit_task": [],
            "tags": null,
            "task": [
              {
                "clean_rooms_notebook_task": [],
                "condition_task": [],
                "dbt_task": [],
                "depends_on": [],
                "description": "",
                "disable_auto_optimization": false,
                "email_notifications": [
                  {
                    "no_alert_for_skipped_runs": false,
                    "on_duration_warning_threshold_exceeded": [],
                    "on_failure": [],
                    "on_start": [],
                    "on_streaming_backlog_exceeded": [],
                    "on_success": []
                  }
                ],
                "environment_key": "",
                "existing_cluster_id": "",
                "for_each_task": [],
                "health": [],
                "job_cluster_key": "ds3_v2_sn",
                "library": [],
                "max_retries": 0,
                "min_retry_interval_millis": 0,
                "new_cluster": [],
                "notebook_task": [],
                "notification_settings": [],
                "pipeline_task": [],
                "python_wheel_task": [],
                "retry_on_timeout": false,
                "run_if": "ALL_SUCCESS",
                "run_job_task": [],
                "spark_jar_task": [],
                "spark_python_task": [
                  {
                    "parameters": [
                      "{{job.id}}",
                      "{{job.run_id}}",
                      "{{task.run_id}}",
                      "{{job.start_time.iso_datetime}}",
                      "citibike_dev"
                    ],
                    "python_file": "/Workspace/Shared/.bundle/dab_project_plan/prod/files/citibike_etl/scripts/01_bronze/01_bronze_citibike.py",
                    "source": ""
                  }
                ],
                "spark_submit_task": [],
                "sql_task": [],
                "task_key": "01_bronze_citibike",
                "timeout_seconds": 0,
                "webhook_notifications": []
              },
              {
                "clean_rooms_notebook_task": [],
                "condition_task": [],
                "dbt_task": [],
                "depends_on": [
                  {
                    "outcome": "",
                    "task_key": "01_bronze_citibike"
                  }
                ],
                "description": "",
                "disable_auto_optimization": false,
                "email_notifications": [
                  {
                    "no_alert_for_skipped_runs": false,
                    "on_duration_warning_threshold_exceeded": [],
                    "on_failure": [],
                    "on_start": [],
                    "on_streaming_backlog_exceeded": [],
                    "on_success": []
                  }
                ],
                "environment_key": "",
                "existing_cluster_id": "",
                "for_each_task": [],
                "health": [],
                "job_cluster_key": "ds3_v2_sn",
                "library": [
                  {
                    "cran": [],
                    "egg": "",
                    "jar": "",
                    "maven": [],
                    "pypi": [],
                    "requirements": "",
                    "whl": "/Workspace/Shared/.bundle/dab_project_plan/prod/artifacts/.internal/dab_project_plan-0.0.1-py3-none-any.whl"
                  }
                ],
                "max_retries": 0,
                "min_retry_interval_millis": 0,
                "new_cluster": [],
                "notebook_task": [],
                "notification_settings": [],
                "pipeline_task": [],
                "python_wheel_task": [],
                "retry_on_timeout": false,
                "run_if": "ALL_SUCCESS",
                "run_job_task": [],
                "spark_jar_task": [],
                "spark_python_task": [
                  {
                    "parameters": [
                      "{{job.id}}",
                      "{{job.run_id}}",
                      "{{task.run_id}}",
                      "{{job.start_time.iso_datetime}}",
                      "citibike_dev"
                    ],
                    "python_file": "/Workspace/Shared/.bundle/dab_project_plan/prod/files/citibike_etl/scripts/02_silver/02_silver_citibike.py",
                    "source": ""
                  }
                ],
                "spark_submit_task": [],
                "sql_task": [],
                "task_key": "02_silver_citibike",
                "timeout_seconds": 0,
                "webhook_notifications": []
              },
              {
                "clean_rooms_notebook_task": [],
                "condition_task": [],
                "dbt_task": [],
                "depends_on": [
                  {
                    "outcome": "",
                    "task_key": "02_silver_citibike"
                  }
                ],
                "description": "",
                "disable_auto_optimization": false,
                "email_notifications": [
                  {
                    "no_alert_for_skipped_runs": false,
                    "on_duration_warning_threshold_exceeded": [],
                    "on_failure": [],
                    "on_start": [],
                    "on_streaming_backlog_exceeded": [],
                    "on_success": []
                  }
                ],
                "environment_key": "",
                "existing_cluster_id": "",
                "for_each_task": [],
                "health": [],
                "job_cluster_key": "ds3_v2_sn",
                "library": [],
                "max_retries": 0,
                "min_retry_interval_millis": 0,
                "new_cluster": [],
                "notebook_task": [],
                "notification_settings": [],
                "pipeline_task": [],
                "python_wheel_task": [],
                "retry_on_timeout": false,
                "run_if": "ALL_SUCCESS",
                "run_job_task": [],
                "spark_jar_task": [],
                "spark_python_task": [
                  {
                    "parameters": [
                      "citibike_dev"
                    ],
                    "python_file": "/Workspace/Shared/.bundle/dab_project_plan/prod/files/citibike_etl/scripts/03_gold/03_gold_citibike_daily_ride_summary.py",
                    "source": ""
                  }
                ],
                "spark_submit_task": [],
                "sql_task": [],
                "task_key": "03_gold_citibike_daily_ride_summary",
                "timeout_seconds": 0,
                "webhook_notifications": []
              },
              {
                "clean_rooms_notebook_task": [],
                "condition_task": [],
                "dbt_task": [],
                "depends_on": [
                  {
                    "outcome": "",
                    "task_key": "02_silver_citibike"
                  }
                ],
                "description": "",
                "disable_auto_optimization": false,
                "email_notifications": [
                  {
                    "no_alert_for_skipped_runs": false,
                    "on_duration_warning_threshold_exceeded": [],
                    "on_failure": [],
                    "on_start": [],
                    "on_streaming_backlog_exceeded": [],
                    "on_success": []
                  }
                ],
                "environment_key": "",
                "existing_cluster_id": "",
                "for_each_task": [],
                "health": [],
                "job_cluster_key": "ds3_v2_sn",
                "library": [],
                "max_retries": 0,
                "min_retry_interval_millis": 0,
                "new_cluster": [],
                "notebook_task": [],
                "notification_settings": [],
                "pipeline_task": [],
                "python_wheel_task": [],
                "retry_on_timeout": false,
                "run_if": "ALL_SUCCESS",
                "run_job_task": [],
                "spark_jar_task": [],
                "spark_python_task": [
                  {
                    "parameters": [
                      "citibike_dev"
                    ],
                    "python_file": "/Workspace/Shared/.bundle/dab_project_plan/prod/files/citibike_etl/scripts/03_gold/03_gold_citibike_daily_station_performance.py",
                    "source": ""
                  }
                ],
                "spark_submit_task": [],
                "sql_task": [],
                "task_key": "03_gold_citibike_daily_station_performance",
                "timeout_seconds": 0,
                "webhook_notifications": []
              }
            ],
            "timeout_seconds": 0,
            "timeouts": null,
            "trigger": [],
            "url": "https://adb-3205945681233138.18.azuredatabricks.net/#job/461980561805501",
            "webhook_notifications": [
              {
                "on_duration_warning_threshold_exceeded": [],
                "on_failure": [],
                "on_start": [],
                "on_streaming_backlog_exceeded": [],
                "on_success": []
              }
            ]
          },
          "sensitive_attributes": [],
          "private": "eyJlMmJmYjczMC1lY2FhLTExZTYtOGY4OC0zNDM2M2JjN2M0YzAiOnsiY3JlYXRlIjoxODAwMDAwMDAwMDAwLCJ1cGRhdGUiOjE4MDAwMDAwMDAwMDB9LCJzY2hlbWFfdmVyc2lvbiI6IjIifQ=="
        }
      ]
    }
  ],
  "check_results": null
}
